
Microsoft Visual Studio Solution File, Format Version 12.00
# Visual Studio 15
VisualStudioVersion = 15.0.28307.421
MinimumVisualStudioVersion = 10.0.40219.1
Project("{888888A0-9F3D-457C-B088-3A5042F75D52}") = "munevote09", "munevote09\munevote09.pyproj", "{281CE874-2C05-4A5D-86A4-448ABEA9091E}"
EndProject
Global
	GlobalSection(SolutionConfigurationPlatforms) = preSolution
		Debug|Any CPU = Debug|Any CPU
		Release|Any CPU = Release|Any CPU
	EndGlobalSection
	GlobalSection(ProjectConfigurationPlatforms) = postSolution
		{281CE874-2C05-4A5D-86A4-448ABEA9091E}.Debug|Any CPU.ActiveCfg = Debug|Any CPU
		{281CE874-2C05-4A5D-86A4-448ABEA9091E}.Debug|Any CPU.Build.0 = Debug|Any CPU
		{281CE874-2C05-4A5D-86A4-448ABEA9091E}.Release|Any CPU.ActiveCfg = Release|Any CPU
		{281CE874-2C05-4A5D-86A4-448ABEA9091E}.Release|Any CPU.Build.0 = Release|Any CPU
	EndGlobalSection
	GlobalSection(SolutionProperties) = preSolution
		HideSolutionNode = FALSE
	EndGlobalSection
	GlobalSection(ExtensibilityGlobals) = postSolution
		SolutionGuid = {C05E3DAD-F956-466A-92CF-F4F661452F7A}
	EndGlobalSection
EndGlobal
